{
  "name": "my-payload-cms",
  "version": "1.0.0",
  "lockfileVersion": 2,
  "requires": true,
  "packages": {},
  "dependencies": {
    "payload": {
      "version": "2.0.0",
      "resolved": "https://registry.npmjs.org/payload/-/payload-2.0.0.tgz",
      "integrity": "sha512-xxx",
      "requires": {}
    }
  }
}